
Microsoft Visual Studio Solution File, Format Version 12.00
# Visual Studio Version 16
VisualStudioVersion = 16.0.29102.190
MinimumVisualStudioVersion = 10.0.40219.1
Project("{FAE04EC0-301F-11D3-BF4B-00C04F79EFBC}") = "HaimAndMasha", "WindowsFormsApp1\HaimAndMasha.csproj", "{03A3493B-96A5-465C-BBEB-F065488CE88D}"
EndProject
Global
	GlobalSection(SolutionConfigurationPlatforms) = preSolution
		Debug|Any CPU = Debug|Any CPU
		Release|Any CPU = Release|Any CPU
	EndGlobalSection
	GlobalSection(ProjectConfigurationPlatforms) = postSolution
		{03A3493B-96A5-465C-BBEB-F065488CE88D}.Debug|Any CPU.ActiveCfg = Debug|Any CPU
		{03A3493B-96A5-465C-BBEB-F065488CE88D}.Debug|Any CPU.Build.0 = Debug|Any CPU
		{03A3493B-96A5-465C-BBEB-F065488CE88D}.Release|Any CPU.ActiveCfg = Release|Any CPU
		{03A3493B-96A5-465C-BBEB-F065488CE88D}.Release|Any CPU.Build.0 = Release|Any CPU
	EndGlobalSection
	GlobalSection(SolutionProperties) = preSolution
		HideSolutionNode = FALSE
	EndGlobalSection
	GlobalSection(ExtensibilityGlobals) = postSolution
		SolutionGuid = {B86CA93E-3065-46C0-956C-C71E2B5BB6E3}
	EndGlobalSection
EndGlobal
